
Microsoft Visual Studio Solution File, Format Version 12.00
# Visual Studio Version 17
VisualStudioVersion = 17.13.35825.156
MinimumVisualStudioVersion = 10.0.40219.1
Project("{FAE04EC0-301F-11D3-BF4B-00C04F79EFBC}") = "Erp.Domain", "Erp.Domain\Erp.Domain.csproj", "{E068441A-E7F5-4657-BD13-7A9390B17070}"
EndProject
Project("{FAE04EC0-301F-11D3-BF4B-00C04F79EFBC}") = "Erp.Infrastructure", "Erp.Infrastructure\Erp.Infrastructure.csproj", "{87DA00CB-183F-4388-BAB5-B34A0960B12D}"
EndProject
Project("{FAE04EC0-301F-11D3-BF4B-00C04F79EFBC}") = "Erp.Application", "Erp.Application\Erp.Application.csproj", "{9E3F028C-D061-4569-BAED-F3C97DAC5A7B}"
EndProject
Project("{FAE04EC0-301F-11D3-BF4B-00C04F79EFBC}") = "Erp.Api", "Erp.Api\Erp.Api.csproj", "{E1CCBC0E-53C3-4A5B-B942-4955D7B26DA2}"
EndProject
Project("{FAE04EC0-301F-11D3-BF4B-00C04F79EFBC}") = "Erp.Notifications", "Erp.Notifications\Erp.Notifications.csproj", "{9740C8EC-0973-4F86-B17F-C2B5C8F5C6FF}"
EndProject
Project("{2150E333-8FDC-42A3-9474-1A3956D46DE8}") = "src", "src", "{02EA681E-C7D8-13C7-8484-4AC65E1B71E8}"
EndProject
Project("{2150E333-8FDC-42A3-9474-1A3956D46DE8}") = "test", "test", "{D1D72325-287C-4BD7-AD97-DE468BDCC79D}"
EndProject
Project("{FAE04EC0-301F-11D3-BF4B-00C04F79EFBC}") = "Erp.Socket", "Erp.Socket\Erp.Socket.csproj", "{699512C7-C844-4642-BE51-BFC8EF8D6D82}"
EndProject
Project("{FAE04EC0-301F-11D3-BF4B-00C04F79EFBC}") = "Erp.Application.Tests", "Erp.Application.Tests\Erp.Application.Tests.csproj", "{F67B7AB4-2200-48F6-BF6F-B383C412EB8B}"
EndProject
Global
	GlobalSection(SolutionConfigurationPlatforms) = preSolution
		Debug|Any CPU = Debug|Any CPU
		Debug|x64 = Debug|x64
		Debug|x86 = Debug|x86
		Release|Any CPU = Release|Any CPU
		Release|x64 = Release|x64
		Release|x86 = Release|x86
	EndGlobalSection
	GlobalSection(ProjectConfigurationPlatforms) = postSolution
		{E068441A-E7F5-4657-BD13-7A9390B17070}.Debug|Any CPU.ActiveCfg = Debug|Any CPU
		{E068441A-E7F5-4657-BD13-7A9390B17070}.Debug|Any CPU.Build.0 = Debug|Any CPU
		{E068441A-E7F5-4657-BD13-7A9390B17070}.Debug|x64.ActiveCfg = Debug|Any CPU
		{E068441A-E7F5-4657-BD13-7A9390B17070}.Debug|x64.Build.0 = Debug|Any CPU
		{E068441A-E7F5-4657-BD13-7A9390B17070}.Debug|x86.ActiveCfg = Debug|Any CPU
		{E068441A-E7F5-4657-BD13-7A9390B17070}.Debug|x86.Build.0 = Debug|Any CPU
		{E068441A-E7F5-4657-BD13-7A9390B17070}.Release|Any CPU.ActiveCfg = Release|Any CPU
		{E068441A-E7F5-4657-BD13-7A9390B17070}.Release|Any CPU.Build.0 = Release|Any CPU
		{E068441A-E7F5-4657-BD13-7A9390B17070}.Release|x64.ActiveCfg = Release|Any CPU
		{E068441A-E7F5-4657-BD13-7A9390B17070}.Release|x64.Build.0 = Release|Any CPU
		{E068441A-E7F5-4657-BD13-7A9390B17070}.Release|x86.ActiveCfg = Release|Any CPU
		{E068441A-E7F5-4657-BD13-7A9390B17070}.Release|x86.Build.0 = Release|Any CPU
		{87DA00CB-183F-4388-BAB5-B34A0960B12D}.Debug|Any CPU.ActiveCfg = Debug|Any CPU
		{87DA00CB-183F-4388-BAB5-B34A0960B12D}.Debug|Any CPU.Build.0 = Debug|Any CPU
		{87DA00CB-183F-4388-BAB5-B34A0960B12D}.Debug|x64.ActiveCfg = Debug|Any CPU
		{87DA00CB-183F-4388-BAB5-B34A0960B12D}.Debug|x64.Build.0 = Debug|Any CPU
		{87DA00CB-183F-4388-BAB5-B34A0960B12D}.Debug|x86.ActiveCfg = Debug|Any CPU
		{87DA00CB-183F-4388-BAB5-B34A0960B12D}.Debug|x86.Build.0 = Debug|Any CPU
		{87DA00CB-183F-4388-BAB5-B34A0960B12D}.Release|Any CPU.ActiveCfg = Release|Any CPU
		{87DA00CB-183F-4388-BAB5-B34A0960B12D}.Release|Any CPU.Build.0 = Release|Any CPU
		{87DA00CB-183F-4388-BAB5-B34A0960B12D}.Release|x64.ActiveCfg = Release|Any CPU
		{87DA00CB-183F-4388-BAB5-B34A0960B12D}.Release|x64.Build.0 = Release|Any CPU
		{87DA00CB-183F-4388-BAB5-B34A0960B12D}.Release|x86.ActiveCfg = Release|Any CPU
		{87DA00CB-183F-4388-BAB5-B34A0960B12D}.Release|x86.Build.0 = Release|Any CPU
		{9E3F028C-D061-4569-BAED-F3C97DAC5A7B}.Debug|Any CPU.ActiveCfg = Debug|Any CPU
		{9E3F028C-D061-4569-BAED-F3C97DAC5A7B}.Debug|Any CPU.Build.0 = Debug|Any CPU
		{9E3F028C-D061-4569-BAED-F3C97DAC5A7B}.Debug|x64.ActiveCfg = Debug|Any CPU
		{9E3F028C-D061-4569-BAED-F3C97DAC5A7B}.Debug|x64.Build.0 = Debug|Any CPU
		{9E3F028C-D061-4569-BAED-F3C97DAC5A7B}.Debug|x86.ActiveCfg = Debug|Any CPU
		{9E3F028C-D061-4569-BAED-F3C97DAC5A7B}.Debug|x86.Build.0 = Debug|Any CPU
		{9E3F028C-D061-4569-BAED-F3C97DAC5A7B}.Release|Any CPU.ActiveCfg = Release|Any CPU
		{9E3F028C-D061-4569-BAED-F3C97DAC5A7B}.Release|Any CPU.Build.0 = Release|Any CPU
		{9E3F028C-D061-4569-BAED-F3C97DAC5A7B}.Release|x64.ActiveCfg = Release|Any CPU
		{9E3F028C-D061-4569-BAED-F3C97DAC5A7B}.Release|x64.Build.0 = Release|Any CPU
		{9E3F028C-D061-4569-BAED-F3C97DAC5A7B}.Release|x86.ActiveCfg = Release|Any CPU
		{9E3F028C-D061-4569-BAED-F3C97DAC5A7B}.Release|x86.Build.0 = Release|Any CPU
		{E1CCBC0E-53C3-4A5B-B942-4955D7B26DA2}.Debug|Any CPU.ActiveCfg = Debug|Any CPU
		{E1CCBC0E-53C3-4A5B-B942-4955D7B26DA2}.Debug|Any CPU.Build.0 = Debug|Any CPU
		{E1CCBC0E-53C3-4A5B-B942-4955D7B26DA2}.Debug|x64.ActiveCfg = Debug|Any CPU
		{E1CCBC0E-53C3-4A5B-B942-4955D7B26DA2}.Debug|x64.Build.0 = Debug|Any CPU
		{E1CCBC0E-53C3-4A5B-B942-4955D7B26DA2}.Debug|x86.ActiveCfg = Debug|Any CPU
		{E1CCBC0E-53C3-4A5B-B942-4955D7B26DA2}.Debug|x86.Build.0 = Debug|Any CPU
		{E1CCBC0E-53C3-4A5B-B942-4955D7B26DA2}.Release|Any CPU.ActiveCfg = Release|Any CPU
		{E1CCBC0E-53C3-4A5B-B942-4955D7B26DA2}.Release|Any CPU.Build.0 = Release|Any CPU
		{E1CCBC0E-53C3-4A5B-B942-4955D7B26DA2}.Release|x64.ActiveCfg = Release|Any CPU
		{E1CCBC0E-53C3-4A5B-B942-4955D7B26DA2}.Release|x64.Build.0 = Release|Any CPU
		{E1CCBC0E-53C3-4A5B-B942-4955D7B26DA2}.Release|x86.ActiveCfg = Release|Any CPU
		{E1CCBC0E-53C3-4A5B-B942-4955D7B26DA2}.Release|x86.Build.0 = Release|Any CPU
		{9740C8EC-0973-4F86-B17F-C2B5C8F5C6FF}.Debug|Any CPU.ActiveCfg = Debug|Any CPU
		{9740C8EC-0973-4F86-B17F-C2B5C8F5C6FF}.Debug|Any CPU.Build.0 = Debug|Any CPU
		{9740C8EC-0973-4F86-B17F-C2B5C8F5C6FF}.Debug|x64.ActiveCfg = Debug|Any CPU
		{9740C8EC-0973-4F86-B17F-C2B5C8F5C6FF}.Debug|x64.Build.0 = Debug|Any CPU
		{9740C8EC-0973-4F86-B17F-C2B5C8F5C6FF}.Debug|x86.ActiveCfg = Debug|Any CPU
		{9740C8EC-0973-4F86-B17F-C2B5C8F5C6FF}.Debug|x86.Build.0 = Debug|Any CPU
		{9740C8EC-0973-4F86-B17F-C2B5C8F5C6FF}.Release|Any CPU.ActiveCfg = Release|Any CPU
		{9740C8EC-0973-4F86-B17F-C2B5C8F5C6FF}.Release|Any CPU.Build.0 = Release|Any CPU
		{9740C8EC-0973-4F86-B17F-C2B5C8F5C6FF}.Release|x64.ActiveCfg = Release|Any CPU
		{9740C8EC-0973-4F86-B17F-C2B5C8F5C6FF}.Release|x64.Build.0 = Release|Any CPU
		{9740C8EC-0973-4F86-B17F-C2B5C8F5C6FF}.Release|x86.ActiveCfg = Release|Any CPU
		{9740C8EC-0973-4F86-B17F-C2B5C8F5C6FF}.Release|x86.Build.0 = Release|Any CPU
		{699512C7-C844-4642-BE51-BFC8EF8D6D82}.Debug|Any CPU.ActiveCfg = Debug|Any CPU
		{699512C7-C844-4642-BE51-BFC8EF8D6D82}.Debug|Any CPU.Build.0 = Debug|Any CPU
		{699512C7-C844-4642-BE51-BFC8EF8D6D82}.Debug|x64.ActiveCfg = Debug|Any CPU
		{699512C7-C844-4642-BE51-BFC8EF8D6D82}.Debug|x64.Build.0 = Debug|Any CPU
		{699512C7-C844-4642-BE51-BFC8EF8D6D82}.Debug|x86.ActiveCfg = Debug|Any CPU
		{699512C7-C844-4642-BE51-BFC8EF8D6D82}.Debug|x86.Build.0 = Debug|Any CPU
		{699512C7-C844-4642-BE51-BFC8EF8D6D82}.Release|Any CPU.ActiveCfg = Release|Any CPU
		{699512C7-C844-4642-BE51-BFC8EF8D6D82}.Release|Any CPU.Build.0 = Release|Any CPU
		{699512C7-C844-4642-BE51-BFC8EF8D6D82}.Release|x64.ActiveCfg = Release|Any CPU
		{699512C7-C844-4642-BE51-BFC8EF8D6D82}.Release|x64.Build.0 = Release|Any CPU
		{699512C7-C844-4642-BE51-BFC8EF8D6D82}.Release|x86.ActiveCfg = Release|Any CPU
		{699512C7-C844-4642-BE51-BFC8EF8D6D82}.Release|x86.Build.0 = Release|Any CPU
		{F67B7AB4-2200-48F6-BF6F-B383C412EB8B}.Debug|Any CPU.ActiveCfg = Debug|Any CPU
		{F67B7AB4-2200-48F6-BF6F-B383C412EB8B}.Debug|Any CPU.Build.0 = Debug|Any CPU
		{F67B7AB4-2200-48F6-BF6F-B383C412EB8B}.Debug|x64.ActiveCfg = Debug|Any CPU
		{F67B7AB4-2200-48F6-BF6F-B383C412EB8B}.Debug|x64.Build.0 = Debug|Any CPU
		{F67B7AB4-2200-48F6-BF6F-B383C412EB8B}.Debug|x86.ActiveCfg = Debug|Any CPU
		{F67B7AB4-2200-48F6-BF6F-B383C412EB8B}.Debug|x86.Build.0 = Debug|Any CPU
		{F67B7AB4-2200-48F6-BF6F-B383C412EB8B}.Release|Any CPU.ActiveCfg = Release|Any CPU
		{F67B7AB4-2200-48F6-BF6F-B383C412EB8B}.Release|Any CPU.Build.0 = Release|Any CPU
		{F67B7AB4-2200-48F6-BF6F-B383C412EB8B}.Release|x64.ActiveCfg = Release|Any CPU
		{F67B7AB4-2200-48F6-BF6F-B383C412EB8B}.Release|x64.Build.0 = Release|Any CPU
		{F67B7AB4-2200-48F6-BF6F-B383C412EB8B}.Release|x86.ActiveCfg = Release|Any CPU
		{F67B7AB4-2200-48F6-BF6F-B383C412EB8B}.Release|x86.Build.0 = Release|Any CPU
	EndGlobalSection
	GlobalSection(SolutionProperties) = preSolution
		HideSolutionNode = FALSE
	EndGlobalSection
	GlobalSection(NestedProjects) = preSolution
		{E068441A-E7F5-4657-BD13-7A9390B17070} = {02EA681E-C7D8-13C7-8484-4AC65E1B71E8}
		{87DA00CB-183F-4388-BAB5-B34A0960B12D} = {02EA681E-C7D8-13C7-8484-4AC65E1B71E8}
		{9E3F028C-D061-4569-BAED-F3C97DAC5A7B} = {02EA681E-C7D8-13C7-8484-4AC65E1B71E8}
		{E1CCBC0E-53C3-4A5B-B942-4955D7B26DA2} = {02EA681E-C7D8-13C7-8484-4AC65E1B71E8}
		{9740C8EC-0973-4F86-B17F-C2B5C8F5C6FF} = {02EA681E-C7D8-13C7-8484-4AC65E1B71E8}
		{699512C7-C844-4642-BE51-BFC8EF8D6D82} = {02EA681E-C7D8-13C7-8484-4AC65E1B71E8}
	EndGlobalSection
	GlobalSection(ExtensibilityGlobals) = postSolution
		SolutionGuid = {66A48691-3ACD-431E-BC85-D161483242DF}
	EndGlobalSection
EndGlobal
